
Microsoft Visual Studio Solution File, Format Version 12.00
# Visual Studio 15
Project("{FAE04EC0-301F-11D3-BF4B-00C04F79EFBC}") = "Assembly-CSharp", "Assembly-CSharp.csproj", "{AFF8BF7C-D1BC-9E47-8BD6-0BC43981243C}"
EndProject
Global
	GlobalSection(SolutionConfigurationPlatforms) = preSolution
		Debug|Any CPU = Debug|Any CPU
		Release|Any CPU = Release|Any CPU
	EndGlobalSection
	GlobalSection(ProjectConfigurationPlatforms) = postSolution
		{AFF8BF7C-D1BC-9E47-8BD6-0BC43981243C}.Debug|Any CPU.ActiveCfg = Debug|Any CPU
		{AFF8BF7C-D1BC-9E47-8BD6-0BC43981243C}.Debug|Any CPU.Build.0 = Debug|Any CPU
		{AFF8BF7C-D1BC-9E47-8BD6-0BC43981243C}.Release|Any CPU.ActiveCfg = Release|Any CPU
		{AFF8BF7C-D1BC-9E47-8BD6-0BC43981243C}.Release|Any CPU.Build.0 = Release|Any CPU
	EndGlobalSection
	GlobalSection(SolutionProperties) = preSolution
		HideSolutionNode = FALSE
	EndGlobalSection
EndGlobal
